
Microsoft Visual Studio Solution File, Format Version 12.00
# Visual Studio Version 16
VisualStudioVersion = 16.0.29201.188
MinimumVisualStudioVersion = 10.0.40219.1
Project("{9A19103F-16F7-4668-BE54-9A1E7A4F7556}") = "NewApp", "NewApp.csproj", "{BD2AE847-8C67-4567-A901-8AF94666504D}"
EndProject
Global
	GlobalSection(SolutionConfigurationPlatforms) = preSolution
		Debug|Any CPU = Debug|Any CPU
		Release|Any CPU = Release|Any CPU
	EndGlobalSection
	GlobalSection(ProjectConfigurationPlatforms) = postSolution
		{BD2AE847-8C67-4567-A901-8AF94666504D}.Debug|Any CPU.ActiveCfg = Debug|Any CPU
		{BD2AE847-8C67-4567-A901-8AF94666504D}.Debug|Any CPU.Build.0 = Debug|Any CPU
		{BD2AE847-8C67-4567-A901-8AF94666504D}.Release|Any CPU.ActiveCfg = Release|Any CPU
		{BD2AE847-8C67-4567-A901-8AF94666504D}.Release|Any CPU.Build.0 = Release|Any CPU
	EndGlobalSection
	GlobalSection(SolutionProperties) = preSolution
		HideSolutionNode = FALSE
	EndGlobalSection
	GlobalSection(ExtensibilityGlobals) = postSolution
		SolutionGuid = {B1B9A0BF-8D0B-4A71-8420-F9B95B627F4F}
	EndGlobalSection
EndGlobal
